
Microsoft Visual Studio Solution File, Format Version 12.00
# Visual Studio Version 17
VisualStudioVersion = 17.1.32210.238
MinimumVisualStudioVersion = 10.0.40219.1
Project("{FAE04EC0-301F-11D3-BF4B-00C04F79EFBC}") = "TicTacToe", "TicTacToe.csproj", "{0C5ACA06-D5C8-45FE-94AC-3BCEA4E0AE68}"
EndProject
Global
	GlobalSection(SolutionConfigurationPlatforms) = preSolution
		Debug|Any CPU = Debug|Any CPU
		Release|Any CPU = Release|Any CPU
	EndGlobalSection
	GlobalSection(ProjectConfigurationPlatforms) = postSolution
		{0C5ACA06-D5C8-45FE-94AC-3BCEA4E0AE68}.Debug|Any CPU.ActiveCfg = Debug|Any CPU
		{0C5ACA06-D5C8-45FE-94AC-3BCEA4E0AE68}.Debug|Any CPU.Build.0 = Debug|Any CPU
		{0C5ACA06-D5C8-45FE-94AC-3BCEA4E0AE68}.Release|Any CPU.ActiveCfg = Release|Any CPU
		{0C5ACA06-D5C8-45FE-94AC-3BCEA4E0AE68}.Release|Any CPU.Build.0 = Release|Any CPU
	EndGlobalSection
	GlobalSection(SolutionProperties) = preSolution
		HideSolutionNode = FALSE
	EndGlobalSection
	GlobalSection(ExtensibilityGlobals) = postSolution
		SolutionGuid = {C6E4387E-EFBD-4642-9E5A-E18D94784E81}
	EndGlobalSection
EndGlobal
